
Microsoft Visual Studio Solution File, Format Version 12.00
# Visual Studio 15
VisualStudioVersion = 15.0.28010.2003
MinimumVisualStudioVersion = 10.0.40219.1
Project("{FAE04EC0-301F-11D3-BF4B-00C04F79EFBC}") = "LoginLogout.Android", "LoginLogout\LoginLogout.Android\LoginLogout.Android.csproj", "{6132A136-295F-4B73-8BF5-0293319D6059}"
EndProject
Project("{FAE04EC0-301F-11D3-BF4B-00C04F79EFBC}") = "LoginLogout.iOS", "LoginLogout\LoginLogout.iOS\LoginLogout.iOS.csproj", "{423FFAB3-E0AB-41B1-BC7C-360B322EAB1C}"
EndProject
Project("{FAE04EC0-301F-11D3-BF4B-00C04F79EFBC}") = "LoginLogout", "LoginLogout\LoginLogout\LoginLogout.csproj", "{3344C455-C1E9-4748-A588-12932D8E2B77}"
EndProject
Global
	GlobalSection(SolutionConfigurationPlatforms) = preSolution
		Ad-Hoc|Any CPU = Ad-Hoc|Any CPU
		Ad-Hoc|iPhone = Ad-Hoc|iPhone
		Ad-Hoc|iPhoneSimulator = Ad-Hoc|iPhoneSimulator
		AppStore|Any CPU = AppStore|Any CPU
		AppStore|iPhone = AppStore|iPhone
		AppStore|iPhoneSimulator = AppStore|iPhoneSimulator
		Debug|Any CPU = Debug|Any CPU
		Debug|iPhone = Debug|iPhone
		Debug|iPhoneSimulator = Debug|iPhoneSimulator
		Release|Any CPU = Release|Any CPU
		Release|iPhone = Release|iPhone
		Release|iPhoneSimulator = Release|iPhoneSimulator
	EndGlobalSection
	GlobalSection(ProjectConfigurationPlatforms) = postSolution
		{6132A136-295F-4B73-8BF5-0293319D6059}.Ad-Hoc|Any CPU.ActiveCfg = Release|Any CPU
		{6132A136-295F-4B73-8BF5-0293319D6059}.Ad-Hoc|Any CPU.Build.0 = Release|Any CPU
		{6132A136-295F-4B73-8BF5-0293319D6059}.Ad-Hoc|Any CPU.Deploy.0 = Release|Any CPU
		{6132A136-295F-4B73-8BF5-0293319D6059}.Ad-Hoc|iPhone.ActiveCfg = Release|Any CPU
		{6132A136-295F-4B73-8BF5-0293319D6059}.Ad-Hoc|iPhone.Build.0 = Release|Any CPU
		{6132A136-295F-4B73-8BF5-0293319D6059}.Ad-Hoc|iPhone.Deploy.0 = Release|Any CPU
		{6132A136-295F-4B73-8BF5-0293319D6059}.Ad-Hoc|iPhoneSimulator.ActiveCfg = Release|Any CPU
		{6132A136-295F-4B73-8BF5-0293319D6059}.Ad-Hoc|iPhoneSimulator.Build.0 = Release|Any CPU
		{6132A136-295F-4B73-8BF5-0293319D6059}.Ad-Hoc|iPhoneSimulator.Deploy.0 = Release|Any CPU
		{6132A136-295F-4B73-8BF5-0293319D6059}.AppStore|Any CPU.ActiveCfg = Release|Any CPU
		{6132A136-295F-4B73-8BF5-0293319D6059}.AppStore|Any CPU.Build.0 = Release|Any CPU
		{6132A136-295F-4B73-8BF5-0293319D6059}.AppStore|Any CPU.Deploy.0 = Release|Any CPU
		{6132A136-295F-4B73-8BF5-0293319D6059}.AppStore|iPhone.ActiveCfg = Release|Any CPU
		{6132A136-295F-4B73-8BF5-0293319D6059}.AppStore|iPhone.Build.0 = Release|Any CPU
		{6132A136-295F-4B73-8BF5-0293319D6059}.AppStore|iPhone.Deploy.0 = Release|Any CPU
		{6132A136-295F-4B73-8BF5-0293319D6059}.AppStore|iPhoneSimulator.ActiveCfg = Release|Any CPU
		{6132A136-295F-4B73-8BF5-0293319D6059}.AppStore|iPhoneSimulator.Build.0 = Release|Any CPU
		{6132A136-295F-4B73-8BF5-0293319D6059}.AppStore|iPhoneSimulator.Deploy.0 = Release|Any CPU
		{6132A136-295F-4B73-8BF5-0293319D6059}.Debug|Any CPU.ActiveCfg = Debug|Any CPU
		{6132A136-295F-4B73-8BF5-0293319D6059}.Debug|Any CPU.Build.0 = Debug|Any CPU
		{6132A136-295F-4B73-8BF5-0293319D6059}.Debug|Any CPU.Deploy.0 = Debug|Any CPU
		{6132A136-295F-4B73-8BF5-0293319D6059}.Debug|iPhone.ActiveCfg = Debug|Any CPU
		{6132A136-295F-4B73-8BF5-0293319D6059}.Debug|iPhone.Build.0 = Debug|Any CPU
		{6132A136-295F-4B73-8BF5-0293319D6059}.Debug|iPhone.Deploy.0 = Debug|Any CPU
		{6132A136-295F-4B73-8BF5-0293319D6059}.Debug|iPhoneSimulator.ActiveCfg = Debug|Any CPU
		{6132A136-295F-4B73-8BF5-0293319D6059}.Debug|iPhoneSimulator.Build.0 = Debug|Any CPU
		{6132A136-295F-4B73-8BF5-0293319D6059}.Debug|iPhoneSimulator.Deploy.0 = Debug|Any CPU
		{6132A136-295F-4B73-8BF5-0293319D6059}.Release|Any CPU.ActiveCfg = Release|Any CPU
		{6132A136-295F-4B73-8BF5-0293319D6059}.Release|Any CPU.Build.0 = Release|Any CPU
		{6132A136-295F-4B73-8BF5-0293319D6059}.Release|Any CPU.Deploy.0 = Release|Any CPU
		{6132A136-295F-4B73-8BF5-0293319D6059}.Release|iPhone.ActiveCfg = Release|Any CPU
		{6132A136-295F-4B73-8BF5-0293319D6059}.Release|iPhone.Build.0 = Release|Any CPU
		{6132A136-295F-4B73-8BF5-0293319D6059}.Release|iPhone.Deploy.0 = Release|Any CPU
		{6132A136-295F-4B73-8BF5-0293319D6059}.Release|iPhoneSimulator.ActiveCfg = Release|Any CPU
		{6132A136-295F-4B73-8BF5-0293319D6059}.Release|iPhoneSimulator.Build.0 = Release|Any CPU
		{6132A136-295F-4B73-8BF5-0293319D6059}.Release|iPhoneSimulator.Deploy.0 = Release|Any CPU
		{423FFAB3-E0AB-41B1-BC7C-360B322EAB1C}.Ad-Hoc|Any CPU.ActiveCfg = Ad-Hoc|iPhone
		{423FFAB3-E0AB-41B1-BC7C-360B322EAB1C}.Ad-Hoc|Any CPU.Build.0 = Ad-Hoc|iPhone
		{423FFAB3-E0AB-41B1-BC7C-360B322EAB1C}.Ad-Hoc|Any CPU.Deploy.0 = Ad-Hoc|iPhone
		{423FFAB3-E0AB-41B1-BC7C-360B322EAB1C}.Ad-Hoc|iPhone.ActiveCfg = Ad-Hoc|iPhone
		{423FFAB3-E0AB-41B1-BC7C-360B322EAB1C}.Ad-Hoc|iPhone.Build.0 = Ad-Hoc|iPhone
		{423FFAB3-E0AB-41B1-BC7C-360B322EAB1C}.Ad-Hoc|iPhone.Deploy.0 = Ad-Hoc|iPhone
		{423FFAB3-E0AB-41B1-BC7C-360B322EAB1C}.Ad-Hoc|iPhoneSimulator.ActiveCfg = Ad-Hoc|iPhoneSimulator
		{423FFAB3-E0AB-41B1-BC7C-360B322EAB1C}.Ad-Hoc|iPhoneSimulator.Build.0 = Ad-Hoc|iPhoneSimulator
		{423FFAB3-E0AB-41B1-BC7C-360B322EAB1C}.Ad-Hoc|iPhoneSimulator.Deploy.0 = Ad-Hoc|iPhoneSimulator
		{423FFAB3-E0AB-41B1-BC7C-360B322EAB1C}.AppStore|Any CPU.ActiveCfg = AppStore|iPhone
		{423FFAB3-E0AB-41B1-BC7C-360B322EAB1C}.AppStore|Any CPU.Build.0 = AppStore|iPhone
		{423FFAB3-E0AB-41B1-BC7C-360B322EAB1C}.AppStore|Any CPU.Deploy.0 = AppStore|iPhone
		{423FFAB3-E0AB-41B1-BC7C-360B322EAB1C}.AppStore|iPhone.ActiveCfg = AppStore|iPhone
		{423FFAB3-E0AB-41B1-BC7C-360B322EAB1C}.AppStore|iPhone.Build.0 = AppStore|iPhone
		{423FFAB3-E0AB-41B1-BC7C-360B322EAB1C}.AppStore|iPhone.Deploy.0 = AppStore|iPhone
		{423FFAB3-E0AB-41B1-BC7C-360B322EAB1C}.AppStore|iPhoneSimulator.ActiveCfg = AppStore|iPhoneSimulator
		{423FFAB3-E0AB-41B1-BC7C-360B322EAB1C}.AppStore|iPhoneSimulator.Build.0 = AppStore|iPhoneSimulator
		{423FFAB3-E0AB-41B1-BC7C-360B322EAB1C}.AppStore|iPhoneSimulator.Deploy.0 = AppStore|iPhoneSimulator
		{423FFAB3-E0AB-41B1-BC7C-360B322EAB1C}.Debug|Any CPU.ActiveCfg = Debug|iPhoneSimulator
		{423FFAB3-E0AB-41B1-BC7C-360B322EAB1C}.Debug|Any CPU.Build.0 = Debug|iPhoneSimulator
		{423FFAB3-E0AB-41B1-BC7C-360B322EAB1C}.Debug|Any CPU.Deploy.0 = Debug|iPhoneSimulator
		{423FFAB3-E0AB-41B1-BC7C-360B322EAB1C}.Debug|iPhone.ActiveCfg = Debug|iPhone
		{423FFAB3-E0AB-41B1-BC7C-360B322EAB1C}.Debug|iPhone.Build.0 = Debug|iPhone
		{423FFAB3-E0AB-41B1-BC7C-360B322EAB1C}.Debug|iPhone.Deploy.0 = Debug|iPhone
		{423FFAB3-E0AB-41B1-BC7C-360B322EAB1C}.Debug|iPhoneSimulator.ActiveCfg = Debug|iPhoneSimulator
		{423FFAB3-E0AB-41B1-BC7C-360B322EAB1C}.Debug|iPhoneSimulator.Build.0 = Debug|iPhoneSimulator
		{423FFAB3-E0AB-41B1-BC7C-360B322EAB1C}.Debug|iPhoneSimulator.Deploy.0 = Debug|iPhoneSimulator
		{423FFAB3-E0AB-41B1-BC7C-360B322EAB1C}.Release|Any CPU.ActiveCfg = Release|iPhone
		{423FFAB3-E0AB-41B1-BC7C-360B322EAB1C}.Release|Any CPU.Build.0 = Release|iPhone
		{423FFAB3-E0AB-41B1-BC7C-360B322EAB1C}.Release|Any CPU.Deploy.0 = Release|iPhone
		{423FFAB3-E0AB-41B1-BC7C-360B322EAB1C}.Release|iPhone.ActiveCfg = Release|iPhone
		{423FFAB3-E0AB-41B1-BC7C-360B322EAB1C}.Release|iPhone.Build.0 = Release|iPhone
		{423FFAB3-E0AB-41B1-BC7C-360B322EAB1C}.Release|iPhone.Deploy.0 = Release|iPhone
		{423FFAB3-E0AB-41B1-BC7C-360B322EAB1C}.Release|iPhoneSimulator.ActiveCfg = Release|iPhoneSimulator
		{423FFAB3-E0AB-41B1-BC7C-360B322EAB1C}.Release|iPhoneSimulator.Build.0 = Release|iPhoneSimulator
		{423FFAB3-E0AB-41B1-BC7C-360B322EAB1C}.Release|iPhoneSimulator.Deploy.0 = Release|iPhoneSimulator
		{3344C455-C1E9-4748-A588-12932D8E2B77}.Ad-Hoc|Any CPU.ActiveCfg = Debug|Any CPU
		{3344C455-C1E9-4748-A588-12932D8E2B77}.Ad-Hoc|Any CPU.Build.0 = Debug|Any CPU
		{3344C455-C1E9-4748-A588-12932D8E2B77}.Ad-Hoc|Any CPU.Deploy.0 = Debug|Any CPU
		{3344C455-C1E9-4748-A588-12932D8E2B77}.Ad-Hoc|iPhone.ActiveCfg = Debug|Any CPU
		{3344C455-C1E9-4748-A588-12932D8E2B77}.Ad-Hoc|iPhone.Build.0 = Debug|Any CPU
		{3344C455-C1E9-4748-A588-12932D8E2B77}.Ad-Hoc|iPhone.Deploy.0 = Debug|Any CPU
		{3344C455-C1E9-4748-A588-12932D8E2B77}.Ad-Hoc|iPhoneSimulator.ActiveCfg = Debug|Any CPU
		{3344C455-C1E9-4748-A588-12932D8E2B77}.Ad-Hoc|iPhoneSimulator.Build.0 = Debug|Any CPU
		{3344C455-C1E9-4748-A588-12932D8E2B77}.Ad-Hoc|iPhoneSimulator.Deploy.0 = Debug|Any CPU
		{3344C455-C1E9-4748-A588-12932D8E2B77}.AppStore|Any CPU.ActiveCfg = Debug|Any CPU
		{3344C455-C1E9-4748-A588-12932D8E2B77}.AppStore|Any CPU.Build.0 = Debug|Any CPU
		{3344C455-C1E9-4748-A588-12932D8E2B77}.AppStore|Any CPU.Deploy.0 = Debug|Any CPU
		{3344C455-C1E9-4748-A588-12932D8E2B77}.AppStore|iPhone.ActiveCfg = Debug|Any CPU
		{3344C455-C1E9-4748-A588-12932D8E2B77}.AppStore|iPhone.Build.0 = Debug|Any CPU
		{3344C455-C1E9-4748-A588-12932D8E2B77}.AppStore|iPhone.Deploy.0 = Debug|Any CPU
		{3344C455-C1E9-4748-A588-12932D8E2B77}.AppStore|iPhoneSimulator.ActiveCfg = Debug|Any CPU
		{3344C455-C1E9-4748-A588-12932D8E2B77}.AppStore|iPhoneSimulator.Build.0 = Debug|Any CPU
		{3344C455-C1E9-4748-A588-12932D8E2B77}.AppStore|iPhoneSimulator.Deploy.0 = Debug|Any CPU
		{3344C455-C1E9-4748-A588-12932D8E2B77}.Debug|Any CPU.ActiveCfg = Debug|Any CPU
		{3344C455-C1E9-4748-A588-12932D8E2B77}.Debug|Any CPU.Build.0 = Debug|Any CPU
		{3344C455-C1E9-4748-A588-12932D8E2B77}.Debug|Any CPU.Deploy.0 = Debug|Any CPU
		{3344C455-C1E9-4748-A588-12932D8E2B77}.Debug|iPhone.ActiveCfg = Debug|Any CPU
		{3344C455-C1E9-4748-A588-12932D8E2B77}.Debug|iPhone.Build.0 = Debug|Any CPU
		{3344C455-C1E9-4748-A588-12932D8E2B77}.Debug|iPhone.Deploy.0 = Debug|Any CPU
		{3344C455-C1E9-4748-A588-12932D8E2B77}.Debug|iPhoneSimulator.ActiveCfg = Debug|Any CPU
		{3344C455-C1E9-4748-A588-12932D8E2B77}.Debug|iPhoneSimulator.Build.0 = Debug|Any CPU
		{3344C455-C1E9-4748-A588-12932D8E2B77}.Debug|iPhoneSimulator.Deploy.0 = Debug|Any CPU
		{3344C455-C1E9-4748-A588-12932D8E2B77}.Release|Any CPU.ActiveCfg = Release|Any CPU
		{3344C455-C1E9-4748-A588-12932D8E2B77}.Release|Any CPU.Build.0 = Release|Any CPU
		{3344C455-C1E9-4748-A588-12932D8E2B77}.Release|Any CPU.Deploy.0 = Release|Any CPU
		{3344C455-C1E9-4748-A588-12932D8E2B77}.Release|iPhone.ActiveCfg = Release|Any CPU
		{3344C455-C1E9-4748-A588-12932D8E2B77}.Release|iPhone.Build.0 = Release|Any CPU
		{3344C455-C1E9-4748-A588-12932D8E2B77}.Release|iPhone.Deploy.0 = Release|Any CPU
		{3344C455-C1E9-4748-A588-12932D8E2B77}.Release|iPhoneSimulator.ActiveCfg = Release|Any CPU
		{3344C455-C1E9-4748-A588-12932D8E2B77}.Release|iPhoneSimulator.Build.0 = Release|Any CPU
		{3344C455-C1E9-4748-A588-12932D8E2B77}.Release|iPhoneSimulator.Deploy.0 = Release|Any CPU
	EndGlobalSection
	GlobalSection(SolutionProperties) = preSolution
		HideSolutionNode = FALSE
	EndGlobalSection
	GlobalSection(ExtensibilityGlobals) = postSolution
		SolutionGuid = {C14DC07C-338D-4DD5-9B70-67F70881778C}
	EndGlobalSection
EndGlobal
